// !$*UTF8*$!
{
	archiveVersion = 1;
	classes = {
	};
	objectVersion = 55;
	objects = {

/* Begin PBXBuildFile section */
		EAF7772F2811425A001CC898 /* Stampabile.swift in Sources */ = {isa = PBXBuildFile; fileRef = EAF7771D28114259001CC898 /* Stampabile.swift */; };
		EAF777302811425A001CC898 /* PrinterError.swift in Sources */ = {isa = PBXBuildFile; fileRef = EAF7771E28114259001CC898 /* PrinterError.swift */; };
		EAF777312811425A001CC898 /* Scontrino.swift in Sources */ = {isa = PBXBuildFile; fileRef = EAF7771F28114259001CC898 /* Scontrino.swift */; };
		EAF777322811425A001CC898 /* BluetoothPrinterManager.swift in Sources */ = {isa = PBXBuildFile; fileRef = EAF7772028114259001CC898 /* BluetoothPrinterManager.swift */; };
		EAF777332811425A001CC898 /* BluetoothCentralManagerDelegate.swift in Sources */ = {isa = PBXBuildFile; fileRef = EAF7772128114259001CC898 /* BluetoothCentralManagerDelegate.swift */; };
		EAF777342811425A001CC898 /* BloccoDati.swift in Sources */ = {isa = PBXBuildFile; fileRef = EAF7772228114259001CC898 /* BloccoDati.swift */; };
		EAF777352811425A001CC898 /* BluetoothPeripheralDelegate.swift in Sources */ = {isa = PBXBuildFile; fileRef = EAF7772328114259001CC898 /* BluetoothPeripheralDelegate.swift */; };
		EAF777362811425A001CC898 /* BluetoothPrinterSelectTableViewController.swift in Sources */ = {isa = PBXBuildFile; fileRef = EAF7772428114259001CC898 /* BluetoothPrinterSelectTableViewController.swift */; };
		EAF777372811425A001CC898 /* ESC_POS.swift in Sources */ = {isa = PBXBuildFile; fileRef = EAF7772528114259001CC898 /* ESC_POS.swift */; };
		EAF777392811425A001CC898 /* Immagine.swift in Sources */ = {isa = PBXBuildFile; fileRef = EAF7772728114259001CC898 /* Immagine.swift */; };
		EAF7773A2811425A001CC898 /* Divisore.swift in Sources */ = {isa = PBXBuildFile; fileRef = EAF7772828114259001CC898 /* Divisore.swift */; };
		EAF7773B2811425A001CC898 /* Vuoto.swift in Sources */ = {isa = PBXBuildFile; fileRef = EAF7772928114259001CC898 /* Vuoto.swift */; };
		EAF7773C2811425A001CC898 /* StampanteDummy.swift in Sources */ = {isa = PBXBuildFile; fileRef = EAF7772A2811425A001CC898 /* StampanteDummy.swift */; };
		EAF7773D2811425A001CC898 /* QRCode.swift in Sources */ = {isa = PBXBuildFile; fileRef = EAF7772B2811425A001CC898 /* QRCode.swift */; };
		EAF7773E2811425A001CC898 /* Testo.swift in Sources */ = {isa = PBXBuildFile; fileRef = EAF7772C2811425A001CC898 /* Testo.swift */; };
		EAF7773F2811425A001CC898 /* ScontrinoImmagine.swift in Sources */ = {isa = PBXBuildFile; fileRef = EAF7772D2811425A001CC898 /* ScontrinoImmagine.swift */; };
/* End PBXBuildFile section */

/* Begin PBXFileReference section */
		EAF7771128114222001CC898 /* BluetoothPrinter.framework */ = {isa = PBXFileReference; explicitFileType = wrapper.framework; includeInIndex = 0; path = BluetoothPrinter.framework; sourceTree = BUILT_PRODUCTS_DIR; };
		EAF7771D28114259001CC898 /* Stampabile.swift */ = {isa = PBXFileReference; fileEncoding = 4; lastKnownFileType = sourcecode.swift; path = Stampabile.swift; sourceTree = "<group>"; };
		EAF7771E28114259001CC898 /* PrinterError.swift */ = {isa = PBXFileReference; fileEncoding = 4; lastKnownFileType = sourcecode.swift; path = PrinterError.swift; sourceTree = "<group>"; };
		EAF7771F28114259001CC898 /* Scontrino.swift */ = {isa = PBXFileReference; fileEncoding = 4; lastKnownFileType = sourcecode.swift; path = Scontrino.swift; sourceTree = "<group>"; };
		EAF7772028114259001CC898 /* BluetoothPrinterManager.swift */ = {isa = PBXFileReference; fileEncoding = 4; lastKnownFileType = sourcecode.swift; path = BluetoothPrinterManager.swift; sourceTree = "<group>"; };
		EAF7772128114259001CC898 /* BluetoothCentralManagerDelegate.swift */ = {isa = PBXFileReference; fileEncoding = 4; lastKnownFileType = sourcecode.swift; path = BluetoothCentralManagerDelegate.swift; sourceTree = "<group>"; };
		EAF7772228114259001CC898 /* BloccoDati.swift */ = {isa = PBXFileReference; fileEncoding = 4; lastKnownFileType = sourcecode.swift; path = BloccoDati.swift; sourceTree = "<group>"; };
		EAF7772328114259001CC898 /* BluetoothPeripheralDelegate.swift */ = {isa = PBXFileReference; fileEncoding = 4; lastKnownFileType = sourcecode.swift; path = BluetoothPeripheralDelegate.swift; sourceTree = "<group>"; };
		EAF7772428114259001CC898 /* BluetoothPrinterSelectTableViewController.swift */ = {isa = PBXFileReference; fileEncoding = 4; lastKnownFileType = sourcecode.swift; path = BluetoothPrinterSelectTableViewController.swift; sourceTree = "<group>"; };
		EAF7772528114259001CC898 /* ESC_POS.swift */ = {isa = PBXFileReference; fileEncoding = 4; lastKnownFileType = sourcecode.swift; path = ESC_POS.swift; sourceTree = "<group>"; };
		EAF7772728114259001CC898 /* Immagine.swift */ = {isa = PBXFileReference; fileEncoding = 4; lastKnownFileType = sourcecode.swift; path = Immagine.swift; sourceTree = "<group>"; };
		EAF7772828114259001CC898 /* Divisore.swift */ = {isa = PBXFileReference; fileEncoding = 4; lastKnownFileType = sourcecode.swift; path = Divisore.swift; sourceTree = "<group>"; };
		EAF7772928114259001CC898 /* Vuoto.swift */ = {isa = PBXFileReference; fileEncoding = 4; lastKnownFileType = sourcecode.swift; path = Vuoto.swift; sourceTree = "<group>"; };
		EAF7772A2811425A001CC898 /* StampanteDummy.swift */ = {isa = PBXFileReference; fileEncoding = 4; lastKnownFileType = sourcecode.swift; path = StampanteDummy.swift; sourceTree = "<group>"; };
		EAF7772B2811425A001CC898 /* QRCode.swift */ = {isa = PBXFileReference; fileEncoding = 4; lastKnownFileType = sourcecode.swift; path = QRCode.swift; sourceTree = "<group>"; };
		EAF7772C2811425A001CC898 /* Testo.swift */ = {isa = PBXFileReference; fileEncoding = 4; lastKnownFileType = sourcecode.swift; path = Testo.swift; sourceTree = "<group>"; };
		EAF7772D2811425A001CC898 /* ScontrinoImmagine.swift */ = {isa = PBXFileReference; fileEncoding = 4; lastKnownFileType = sourcecode.swift; path = ScontrinoImmagine.swift; sourceTree = "<group>"; };
		EAF7772E2811425A001CC898 /* Info.plist */ = {isa = PBXFileReference; fileEncoding = 4; lastKnownFileType = text.plist.xml; path = Info.plist; sourceTree = "<group>"; };
		EAF7775928114432001CC898 /* BluetoothPrinter.h */ = {isa = PBXFileReference; lastKnownFileType = sourcecode.c.h; path = BluetoothPrinter.h; sourceTree = "<group>"; };
/* End PBXFileReference section */

/* Begin PBXFrameworksBuildPhase section */
		EAF7770E28114222001CC898 /* Frameworks */ = {
			isa = PBXFrameworksBuildPhase;
			buildActionMask = 2147483647;
			files = (
			);
			runOnlyForDeploymentPostprocessing = 0;
		};
/* End PBXFrameworksBuildPhase section */

/* Begin PBXGroup section */
		EAF7770728114222001CC898 = {
			isa = PBXGroup;
			children = (
				EAF7771328114222001CC898 /* BluetoothPrinter */,
				EAF7771228114222001CC898 /* Products */,
			);
			sourceTree = "<group>";
		};
		EAF7771228114222001CC898 /* Products */ = {
			isa = PBXGroup;
			children = (
				EAF7771128114222001CC898 /* BluetoothPrinter.framework */,
			);
			name = Products;
			sourceTree = "<group>";
		};
		EAF7771328114222001CC898 /* BluetoothPrinter */ = {
			isa = PBXGroup;
			children = (
				EAF7772E2811425A001CC898 /* Info.plist */,
				EAF7772928114259001CC898 /* Vuoto.swift */,
				EAF7772228114259001CC898 /* BloccoDati.swift */,
				EAF7772128114259001CC898 /* BluetoothCentralManagerDelegate.swift */,
				EAF7772328114259001CC898 /* BluetoothPeripheralDelegate.swift */,
				EAF7772028114259001CC898 /* BluetoothPrinterManager.swift */,
				EAF7772428114259001CC898 /* BluetoothPrinterSelectTableViewController.swift */,
				EAF7772828114259001CC898 /* Divisore.swift */,
				EAF7772A2811425A001CC898 /* StampanteDummy.swift */,
				EAF7772528114259001CC898 /* ESC_POS.swift */,
				EAF7772728114259001CC898 /* Immagine.swift */,
				EAF7771D28114259001CC898 /* Stampabile.swift */,
				EAF7771E28114259001CC898 /* PrinterError.swift */,
				EAF7772B2811425A001CC898 /* QRCode.swift */,
				EAF7772C2811425A001CC898 /* Testo.swift */,
				EAF7771F28114259001CC898 /* Scontrino.swift */,
				EAF7772D2811425A001CC898 /* ScontrinoImmagine.swift */,
				EAF7775928114432001CC898 /* BluetoothPrinter.h */,
			);
			path = BluetoothPrinter;
			sourceTree = "<group>";
		};
/* End PBXGroup section */

/* Begin PBXHeadersBuildPhase section */
		EAF7770C28114222001CC898 /* Headers */ = {
			isa = PBXHeadersBuildPhase;
			buildActionMask = 2147483647;
			files = (
			);
			runOnlyForDeploymentPostprocessing = 0;
		};
/* End PBXHeadersBuildPhase section */

/* Begin PBXNativeTarget section */
		EAF7771028114222001CC898 /* BluetoothPrinter */ = {
			isa = PBXNativeTarget;
			buildConfigurationList = EAF7771828114222001CC898 /* Build configuration list for PBXNativeTarget "BluetoothPrinter" */;
			buildPhases = (
				EAF7770C28114222001CC898 /* Headers */,
				EAF7770D28114222001CC898 /* Sources */,
				EAF7770E28114222001CC898 /* Frameworks */,
				EAF7770F28114222001CC898 /* Resources */,
			);
			buildRules = (
			);
			dependencies = (
			);
			name = BluetoothPrinter;
			productName = BluetoothPrinter;
			productReference = EAF7771128114222001CC898 /* BluetoothPrinter.framework */;
			productType = "com.apple.product-type.framework";
		};
/* End PBXNativeTarget section */

/* Begin PBXProject section */
		EAF7770828114222001CC898 /* Project object */ = {
			isa = PBXProject;
			attributes = {
				BuildIndependentTargetsInParallel = 1;
				LastUpgradeCheck = 1330;
				TargetAttributes = {
					EAF7771028114222001CC898 = {
						CreatedOnToolsVersion = 13.3.1;
						LastSwiftMigration = 1330;
					};
				};
			};
			buildConfigurationList = EAF7770B28114222001CC898 /* Build configuration list for PBXProject "BluetoothPrinter" */;
			compatibilityVersion = "Xcode 13.0";
			developmentRegion = en;
			hasScannedForEncodings = 0;
			knownRegions = (
				en,
				Base,
			);
			mainGroup = EAF7770728114222001CC898;
			productRefGroup = EAF7771228114222001CC898 /* Products */;
			projectDirPath = "";
			projectRoot = "";
			targets = (
				EAF7771028114222001CC898 /* BluetoothPrinter */,
			);
		};
/* End PBXProject section */

/* Begin PBXResourcesBuildPhase section */
		EAF7770F28114222001CC898 /* Resources */ = {
			isa = PBXResourcesBuildPhase;
			buildActionMask = 2147483647;
			files = (
			);
			runOnlyForDeploymentPostprocessing = 0;
		};
/* End PBXResourcesBuildPhase section */

/* Begin PBXSourcesBuildPhase section */
		EAF7770D28114222001CC898 /* Sources */ = {
			isa = PBXSourcesBuildPhase;
			buildActionMask = 2147483647;
			files = (
				EAF777372811425A001CC898 /* ESC_POS.swift in Sources */,
				EAF7773E2811425A001CC898 /* Testo.swift in Sources */,
				EAF7772F2811425A001CC898 /* Stampabile.swift in Sources */,
				EAF7773F2811425A001CC898 /* ScontrinoImmagine.swift in Sources */,
				EAF7773C2811425A001CC898 /* StampanteDummy.swift in Sources */,
				EAF777322811425A001CC898 /* BluetoothPrinterManager.swift in Sources */,
				EAF777312811425A001CC898 /* Scontrino.swift in Sources */,
				EAF777362811425A001CC898 /* BluetoothPrinterSelectTableViewController.swift in Sources */,
				EAF777342811425A001CC898 /* BloccoDati.swift in Sources */,
				EAF7773D2811425A001CC898 /* QRCode.swift in Sources */,
				EAF7773B2811425A001CC898 /* Vuoto.swift in Sources */,
				EAF777302811425A001CC898 /* PrinterError.swift in Sources */,
				EAF7773A2811425A001CC898 /* Divisore.swift in Sources */,
				EAF777332811425A001CC898 /* BluetoothCentralManagerDelegate.swift in Sources */,
				EAF777352811425A001CC898 /* BluetoothPeripheralDelegate.swift in Sources */,
				EAF777392811425A001CC898 /* Immagine.swift in Sources */,
			);
			runOnlyForDeploymentPostprocessing = 0;
		};
/* End PBXSourcesBuildPhase section */

/* Begin XCBuildConfiguration section */
		EAF7771628114222001CC898 /* Debug */ = {
			isa = XCBuildConfiguration;
			buildSettings = {
				ALWAYS_SEARCH_USER_PATHS = NO;
				CLANG_ANALYZER_NONNULL = YES;
				CLANG_ANALYZER_NUMBER_OBJECT_CONVERSION = YES_AGGRESSIVE;
				CLANG_CXX_LANGUAGE_STANDARD = "gnu++17";
				CLANG_ENABLE_MODULES = YES;
				CLANG_ENABLE_OBJC_ARC = YES;
				CLANG_ENABLE_OBJC_WEAK = YES;
				CLANG_WARN_BLOCK_CAPTURE_AUTORELEASING = YES;
				CLANG_WARN_BOOL_CONVERSION = YES;
				CLANG_WARN_COMMA = YES;
				CLANG_WARN_CONSTANT_CONVERSION = YES;
				CLANG_WARN_DEPRECATED_OBJC_IMPLEMENTATIONS = YES;
				CLANG_WARN_DIRECT_OBJC_ISA_USAGE = YES_ERROR;
				CLANG_WARN_DOCUMENTATION_COMMENTS = YES;
				CLANG_WARN_EMPTY_BODY = YES;
				CLANG_WARN_ENUM_CONVERSION = YES;
				CLANG_WARN_INFINITE_RECURSION = YES;
				CLANG_WARN_INT_CONVERSION = YES;
				CLANG_WARN_NON_LITERAL_NULL_CONVERSION = YES;
				CLANG_WARN_OBJC_IMPLICIT_RETAIN_SELF = YES;
				CLANG_WARN_OBJC_LITERAL_CONVERSION = YES;
				CLANG_WARN_OBJC_ROOT_CLASS = YES_ERROR;
				CLANG_WARN_QUOTED_INCLUDE_IN_FRAMEWORK_HEADER = YES;
				CLANG_WARN_RANGE_LOOP_ANALYSIS = YES;
				CLANG_WARN_STRICT_PROTOTYPES = YES;
				CLANG_WARN_SUSPICIOUS_MOVE = YES;
				CLANG_WARN_UNGUARDED_AVAILABILITY = YES_AGGRESSIVE;
				CLANG_WARN_UNREACHABLE_CODE = YES;
				CLANG_WARN__DUPLICATE_METHOD_MATCH = YES;
				COPY_PHASE_STRIP = NO;
				CURRENT_PROJECT_VERSION = 1;
				DEBUG_INFORMATION_FORMAT = dwarf;
				ENABLE_STRICT_OBJC_MSGSEND = YES;
				ENABLE_TESTABILITY = YES;
				GCC_C_LANGUAGE_STANDARD = gnu11;
				GCC_DYNAMIC_NO_PIC = NO;
				GCC_NO_COMMON_BLOCKS = YES;
				GCC_OPTIMIZATION_LEVEL = 0;
				GCC_PREPROCESSOR_DEFINITIONS = (
					"DEBUG=1",
					"$(inherited)",
				);
				GCC_WARN_64_TO_32_BIT_CONVERSION = YES;
				GCC_WARN_ABOUT_RETURN_TYPE = YES_ERROR;
				GCC_WARN_UNDECLARED_SELECTOR = YES;
				GCC_WARN_UNINITIALIZED_AUTOS = YES_AGGRESSIVE;
				GCC_WARN_UNUSED_FUNCTION = YES;
				GCC_WARN_UNUSED_VARIABLE = YES;
				IPHONEOS_DEPLOYMENT_TARGET = 15.4;
				MTL_ENABLE_DEBUG_INFO = INCLUDE_SOURCE;
				MTL_FAST_MATH = YES;
				ONLY_ACTIVE_ARCH = YES;
				SDKROOT = iphoneos;
				SWIFT_ACTIVE_COMPILATION_CONDITIONS = DEBUG;
				SWIFT_OPTIMIZATION_LEVEL = "-Onone";
				VERSIONING_SYSTEM = "apple-generic";
				VERSION_INFO_PREFIX = "";
			};
			name = Debug;
		};
		EAF7771728114222001CC898 /* Release */ = {
			isa = XCBuildConfiguration;
			buildSettings = {
				ALWAYS_SEARCH_USER_PATHS = NO;
				CLANG_ANALYZER_NONNULL = YES;
				CLANG_ANALYZER_NUMBER_OBJECT_CONVERSION = YES_AGGRESSIVE;
				CLANG_CXX_LANGUAGE_STANDARD = "gnu++17";
				CLANG_ENABLE_MODULES = YES;
				CLANG_ENABLE_OBJC_ARC = YES;
				CLANG_ENABLE_OBJC_WEAK = YES;
				CLANG_WARN_BLOCK_CAPTURE_AUTORELEASING = YES;
				CLANG_WARN_BOOL_CONVERSION = YES;
				CLANG_WARN_COMMA = YES;
				CLANG_WARN_CONSTANT_CONVERSION = YES;
				CLANG_WARN_DEPRECATED_OBJC_IMPLEMENTATIONS = YES;
				CLANG_WARN_DIRECT_OBJC_ISA_USAGE = YES_ERROR;
				CLANG_WARN_DOCUMENTATION_COMMENTS = YES;
				CLANG_WARN_EMPTY_BODY = YES;
				CLANG_WARN_ENUM_CONVERSION = YES;
				CLANG_WARN_INFINITE_RECURSION = YES;
				CLANG_WARN_INT_CONVERSION = YES;
				CLANG_WARN_NON_LITERAL_NULL_CONVERSION = YES;
				CLANG_WARN_OBJC_IMPLICIT_RETAIN_SELF = YES;
				CLANG_WARN_OBJC_LITERAL_CONVERSION = YES;
				CLANG_WARN_OBJC_ROOT_CLASS = YES_ERROR;
				CLANG_WARN_QUOTED_INCLUDE_IN_FRAMEWORK_HEADER = YES;
				CLANG_WARN_RANGE_LOOP_ANALYSIS = YES;
				CLANG_WARN_STRICT_PROTOTYPES = YES;
				CLANG_WARN_SUSPICIOUS_MOVE = YES;
				CLANG_WARN_UNGUARDED_AVAILABILITY = YES_AGGRESSIVE;
				CLANG_WARN_UNREACHABLE_CODE = YES;
				CLANG_WARN__DUPLICATE_METHOD_MATCH = YES;
				COPY_PHASE_STRIP = NO;
				CURRENT_PROJECT_VERSION = 1;
				DEBUG_INFORMATION_FORMAT = "dwarf-with-dsym";
				ENABLE_NS_ASSERTIONS = NO;
				ENABLE_STRICT_OBJC_MSGSEND = YES;
				GCC_C_LANGUAGE_STANDARD = gnu11;
				GCC_NO_COMMON_BLOCKS = YES;
				GCC_WARN_64_TO_32_BIT_CONVERSION = YES;
				GCC_WARN_ABOUT_RETURN_TYPE = YES_ERROR;
				GCC_WARN_UNDECLARED_SELECTOR = YES;
				GCC_WARN_UNINITIALIZED_AUTOS = YES_AGGRESSIVE;
				GCC_WARN_UNUSED_FUNCTION = YES;
				GCC_WARN_UNUSED_VARIABLE = YES;
				IPHONEOS_DEPLOYMENT_TARGET = 15.4;
				MTL_ENABLE_DEBUG_INFO = NO;
				MTL_FAST_MATH = YES;
				SDKROOT = iphoneos;
				SWIFT_COMPILATION_MODE = wholemodule;
				SWIFT_OPTIMIZATION_LEVEL = "-O";
				VALIDATE_PRODUCT = YES;
				VERSIONING_SYSTEM = "apple-generic";
				VERSION_INFO_PREFIX = "";
			};
			name = Release;
		};
		EAF7771928114222001CC898 /* Debug */ = {
			isa = XCBuildConfiguration;
			buildSettings = {
				CLANG_ENABLE_MODULES = YES;
				CODE_SIGN_STYLE = Automatic;
				CURRENT_PROJECT_VERSION = 1;
				DEFINES_MODULE = YES;
				DEVELOPMENT_TEAM = CBUYG693P7;
				DYLIB_COMPATIBILITY_VERSION = 1;
				DYLIB_CURRENT_VERSION = 1;
				DYLIB_INSTALL_NAME_BASE = "@rpath";
				GENERATE_INFOPLIST_FILE = YES;
				INFOPLIST_KEY_NSHumanReadableCopyright = "";
				INSTALL_PATH = "$(LOCAL_LIBRARY_DIR)/Frameworks";
				IPHONEOS_DEPLOYMENT_TARGET = 12.0;
				LD_RUNPATH_SEARCH_PATHS = (
					"$(inherited)",
					"@executable_path/Frameworks",
					"@loader_path/Frameworks",
				);
				MARKETING_VERSION = 1.0;
				PRODUCT_BUNDLE_IDENTIFIER = it.nexid.BluetoothPrinter;
				PRODUCT_NAME = "$(TARGET_NAME:c99extidentifier)";
				SKIP_INSTALL = YES;
				SUPPORTS_MACCATALYST = NO;
				SWIFT_EMIT_LOC_STRINGS = YES;
				SWIFT_OPTIMIZATION_LEVEL = "-Onone";
				SWIFT_VERSION = 5.0;
				TARGETED_DEVICE_FAMILY = "1,2";
			};
			name = Debug;
		};
		EAF7771A28114222001CC898 /* Release */ = {
			isa = XCBuildConfiguration;
			buildSettings = {
				CLANG_ENABLE_MODULES = YES;
				CODE_SIGN_STYLE = Automatic;
				CURRENT_PROJECT_VERSION = 1;
				DEFINES_MODULE = YES;
				DEVELOPMENT_TEAM = CBUYG693P7;
				DYLIB_COMPATIBILITY_VERSION = 1;
				DYLIB_CURRENT_VERSION = 1;
				DYLIB_INSTALL_NAME_BASE = "@rpath";
				GENERATE_INFOPLIST_FILE = YES;
				INFOPLIST_KEY_NSHumanReadableCopyright = "";
				INSTALL_PATH = "$(LOCAL_LIBRARY_DIR)/Frameworks";
				IPHONEOS_DEPLOYMENT_TARGET = 12.0;
				LD_RUNPATH_SEARCH_PATHS = (
					"$(inherited)",
					"@executable_path/Frameworks",
					"@loader_path/Frameworks",
				);
				MARKETING_VERSION = 1.0;
				PRODUCT_BUNDLE_IDENTIFIER = it.nexid.BluetoothPrinter;
				PRODUCT_NAME = "$(TARGET_NAME:c99extidentifier)";
				SKIP_INSTALL = YES;
				SUPPORTS_MACCATALYST = NO;
				SWIFT_EMIT_LOC_STRINGS = YES;
				SWIFT_VERSION = 5.0;
				TARGETED_DEVICE_FAMILY = "1,2";
			};
			name = Release;
		};
/* End XCBuildConfiguration section */

/* Begin XCConfigurationList section */
		EAF7770B28114222001CC898 /* Build configuration list for PBXProject "BluetoothPrinter" */ = {
			isa = XCConfigurationList;
			buildConfigurations = (
				EAF7771628114222001CC898 /* Debug */,
				EAF7771728114222001CC898 /* Release */,
			);
			defaultConfigurationIsVisible = 0;
			defaultConfigurationName = Release;
		};
		EAF7771828114222001CC898 /* Build configuration list for PBXNativeTarget "BluetoothPrinter" */ = {
			isa = XCConfigurationList;
			buildConfigurations = (
				EAF7771928114222001CC898 /* Debug */,
				EAF7771A28114222001CC898 /* Release */,
			);
			defaultConfigurationIsVisible = 0;
			defaultConfigurationName = Release;
		};
/* End XCConfigurationList section */
	};
	rootObject = EAF7770828114222001CC898 /* Project object */;
}
